
Microsoft Visual Studio Solution File, Format Version 12.00
# Visual Studio 2012
Project("{FAE04EC0-301F-11D3-BF4B-00C04F79EFBC}") = "student", "student\student.csproj", "{935FB18A-CE88-4B3E-8B4C-A714BDF1532D}"
EndProject
Global
	GlobalSection(SolutionConfigurationPlatforms) = preSolution
		Debug|Any CPU = Debug|Any CPU
		Release|Any CPU = Release|Any CPU
	EndGlobalSection
	GlobalSection(ProjectConfigurationPlatforms) = postSolution
		{935FB18A-CE88-4B3E-8B4C-A714BDF1532D}.Debug|Any CPU.ActiveCfg = Debug|Any CPU
		{935FB18A-CE88-4B3E-8B4C-A714BDF1532D}.Release|Any CPU.ActiveCfg = Release|Any CPU
		{935FB18A-CE88-4B3E-8B4C-A714BDF1532D}.Release|Any CPU.Build.0 = Release|Any CPU
	EndGlobalSection
	GlobalSection(MonoDevelopProperties) = preSolution
		Policies = $0
		$0.DotNetNamingPolicy = $1
		$1.DirectoryNamespaceAssociation = PrefixedHierarchical
		$0.StandardHeader = $2
		$0.VersionControlPolicy = $3
	EndGlobalSection
EndGlobal
